{
  "nodes": {
    "nixpkgs": {
      "locked": {
        "lastModified": 1757745802,
        "narHash": "sha256-hLEO2TPj55KcUFUU1vgtHE9UEIOjRcH/4QbmfHNF820=",
        "owner": "nixos",
        "repo": "nixpkgs",
        "rev": "c23193b943c6c689d70ee98ce3128239ed9e32d1",
        "type": "github"
      },
      "original": {
        "owner": "nixos",
        "ref": "nixos-unstable",
        "repo": "nixpkgs",
        "type": "github"
      }
    },
    "root": {
      "inputs": {
        "nixpkgs": "nixpkgs",
        "u-root": "u-root"
      }
    },
    "u-root": {
      "flake": false,
      "locked": {
        "lastModified": 1757801880,
        "narHash": "sha256-JecBBiZ3kjUSU2FAbCOR4U1r5d3EGlxNdQp0YzDDLgk=",
        "owner": "u-root",
        "repo": "u-root",
        "rev": "6ca9f7519f9d54e66e044c7c57d129149be5ea10",
        "type": "github"
      },
      "original": {
        "owner": "u-root",
        "repo": "u-root",
        "type": "github"
      }
    }
  },
  "root": "root",
  "version": 7
}
