{
  "nodes": {
    "nixpkgs": {
      "locked": {
        "lastModified": 1757347588,
        "narHash": "sha256-tLdkkC6XnsY9EOZW9TlpesTclELy8W7lL2ClL+nma8o=",
        "owner": "nixos",
        "repo": "nixpkgs",
        "rev": "b599843bad24621dcaa5ab60dac98f9b0eb1cabe",
        "type": "github"
      },
      "original": {
        "owner": "nixos",
        "ref": "nixos-unstable",
        "repo": "nixpkgs",
        "type": "github"
      }
    },
    "root": {
      "inputs": {
        "nixpkgs": "nixpkgs",
        "u-root": "u-root"
      }
    },
    "u-root": {
      "flake": false,
      "locked": {
        "lastModified": 1757437052,
        "narHash": "sha256-fOYplMPRdU8BYILl+ZFE5nwcYKyDYXYYFukOJzYkD+M=",
        "owner": "u-root",
        "repo": "u-root",
        "rev": "40ace0bf1b792841a1baf7217bd33380072015bb",
        "type": "github"
      },
      "original": {
        "owner": "u-root",
        "repo": "u-root",
        "type": "github"
      }
    }
  },
  "root": "root",
  "version": 7
}
