{
  "nodes": {
    "nixpkgs": {
      "locked": {
        "lastModified": 1760038930,
        "narHash": "sha256-Oncbh0UmHjSlxO7ErQDM3KM0A5/Znfofj2BSzlHLeVw=",
        "owner": "nixos",
        "repo": "nixpkgs",
        "rev": "0b4defa2584313f3b781240b29d61f6f9f7e0df3",
        "type": "github"
      },
      "original": {
        "owner": "nixos",
        "ref": "nixos-unstable",
        "repo": "nixpkgs",
        "type": "github"
      }
    },
    "root": {
      "inputs": {
        "nixpkgs": "nixpkgs",
        "u-root": "u-root"
      }
    },
    "u-root": {
      "flake": false,
      "locked": {
        "lastModified": 1758850888,
        "narHash": "sha256-7oG+WDTVkSgiIsvCR2FWwd5zEBHHVMV+/1L6IctLXXk=",
        "owner": "u-root",
        "repo": "u-root",
        "rev": "9aaffcb1746f247c3d9b41ae240d496765a6dd4f",
        "type": "github"
      },
      "original": {
        "owner": "u-root",
        "repo": "u-root",
        "type": "github"
      }
    }
  },
  "root": "root",
  "version": 7
}
